
Microsoft Visual Studio Solution File, Format Version 12.00
# Visual Studio Version 17
VisualStudioVersion = 17.12.35707.178
MinimumVisualStudioVersion = 10.0.40219.1
Project("{2150E333-8FDC-42A3-9474-1A3956D46DE8}") = "Services", "Services", "{CF6E8FB0-91E0-43F2-A964-4B3A9326D5F2}"
EndProject
Project("{2150E333-8FDC-42A3-9474-1A3956D46DE8}") = "Catalog", "Catalog", "{5DAE2B48-6DF1-4526-8C09-5E1611D9104D}"
EndProject
Project("{FAE04EC0-301F-11D3-BF4B-00C04F79EFBC}") = "MultiShop.Catalog", "Services\Catalog\MultiShop.Catalog\MultiShop.Catalog.csproj", "{28870C5F-4844-49F2-BA89-F682568C9697}"
EndProject
Project("{2150E333-8FDC-42A3-9474-1A3956D46DE8}") = "Discount", "Discount", "{C108D56E-D948-4239-8994-4FC784AD081D}"
EndProject
Project("{FAE04EC0-301F-11D3-BF4B-00C04F79EFBC}") = "MultiShop.Discount", "Services\Discount\MultiShop.Discount\MultiShop.Discount.csproj", "{76DD69F4-C22C-449C-A38E-B92F9069E04A}"
EndProject
Project("{2150E333-8FDC-42A3-9474-1A3956D46DE8}") = "Order", "Order", "{E6705394-155D-4CB8-8028-3BF8C24C7DB0}"
EndProject
Project("{2150E333-8FDC-42A3-9474-1A3956D46DE8}") = "Core", "Core", "{A7305D71-7A61-4C07-B596-5088DAE8987A}"
EndProject
Project("{2150E333-8FDC-42A3-9474-1A3956D46DE8}") = "Infrastructure", "Infrastructure", "{0B2160F2-D385-4440-BA32-4ACD85EEECE3}"
EndProject
Project("{2150E333-8FDC-42A3-9474-1A3956D46DE8}") = "Presentation", "Presentation", "{8B13B905-AF89-4BB3-AC1B-3EF1BE813D97}"
EndProject
Project("{FAE04EC0-301F-11D3-BF4B-00C04F79EFBC}") = "MultiShop.Order.Domain", "Services\Order\Core\MultiShop.Order.Domain\MultiShop.Order.Domain.csproj", "{3FDDDB1B-E8AD-490F-807F-676704048D29}"
EndProject
Project("{FAE04EC0-301F-11D3-BF4B-00C04F79EFBC}") = "MultiShop.Order.Application", "Services\Order\Core\MultiShop.Order.Application\MultiShop.Order.Application.csproj", "{003789A4-31A7-4478-85DD-137F3FDC1963}"
EndProject
Project("{FAE04EC0-301F-11D3-BF4B-00C04F79EFBC}") = "MultiShop.Order.Persistance", "Services\Order\Infrastructure\MultiShop.Order.Persistance\MultiShop.Order.Persistance.csproj", "{F6ABAF53-64B8-4E16-887B-0C43B44896BF}"
EndProject
Project("{FAE04EC0-301F-11D3-BF4B-00C04F79EFBC}") = "MultiShop.Order.API", "Services\Order\Presentation\MultiShop.Order.API\MultiShop.Order.API.csproj", "{8C2EC060-B5F9-4732-83FB-4A3D56F38283}"
EndProject
Project("{2150E333-8FDC-42A3-9474-1A3956D46DE8}") = "IdentityServer", "IdentityServer", "{E9132A8E-F246-4043-8916-DA9155660E9E}"
EndProject
Project("{FAE04EC0-301F-11D3-BF4B-00C04F79EFBC}") = "MultiShop.IdentityServer", "IdentityServer\MultiShop.IdentityServer\MultiShop.IdentityServer.csproj", "{FFF94FEC-2750-4687-A11D-70F3DF12B60D}"
EndProject
Project("{2150E333-8FDC-42A3-9474-1A3956D46DE8}") = "Cargo", "Cargo", "{5F42736C-3AA2-4D3B-84A5-3BF21257725A}"
EndProject
Project("{FAE04EC0-301F-11D3-BF4B-00C04F79EFBC}") = "MultiShop.Cargo.EntityLayer", "Services\Cargo\MultiShop.Cargo.EntityLayer\MultiShop.Cargo.EntityLayer.csproj", "{BE428CD6-350B-4029-B5C1-C0C745B30A6B}"
EndProject
Project("{FAE04EC0-301F-11D3-BF4B-00C04F79EFBC}") = "MultiShop.Cargo.BussinessLayer", "Services\Cargo\MultiShop.Cargo.BussinessLayer\MultiShop.Cargo.BussinessLayer.csproj", "{49FD5A25-7F4C-4D26-B0C1-6591CA3A6065}"
EndProject
Project("{FAE04EC0-301F-11D3-BF4B-00C04F79EFBC}") = "MultiShop.Cargo.DtoLayer", "Services\Cargo\MultiShop.Cargo.DtoLayer\MultiShop.Cargo.DtoLayer.csproj", "{73324CE6-EACA-4746-90DA-038481587B74}"
EndProject
Project("{FAE04EC0-301F-11D3-BF4B-00C04F79EFBC}") = "MultiShop.Cargo.DataAccessLayer", "Services\Cargo\MultiShop.Cargo.DataAccessLayer\MultiShop.Cargo.DataAccessLayer.csproj", "{544E312C-9300-41F4-83BA-973955EB471A}"
EndProject
Project("{FAE04EC0-301F-11D3-BF4B-00C04F79EFBC}") = "MultiShop.Cargo.WebApi", "Services\Cargo\MultiShop.Cargo.WebApi\MultiShop.Cargo.WebApi.csproj", "{FF512999-CFB0-4EED-B013-1AE1A2D62242}"
EndProject
Project("{2150E333-8FDC-42A3-9474-1A3956D46DE8}") = "Basket", "Basket", "{2957996B-76D0-42C8-BC29-5DD4D30E52AE}"
EndProject
Project("{FAE04EC0-301F-11D3-BF4B-00C04F79EFBC}") = "MultiShop.Basket", "Services\Basket\MultiShop.Basket\MultiShop.Basket.csproj", "{B8851217-3F25-4CA0-9BD2-432DED0B1851}"
EndProject
Project("{2150E333-8FDC-42A3-9474-1A3956D46DE8}") = "Frontends", "Frontends", "{0A023647-B505-46DB-9B91-E7C89C2A1653}"
EndProject
Project("{FAE04EC0-301F-11D3-BF4B-00C04F79EFBC}") = "MultiShop.WebUI", "Frontends\MultiShop.WebUI\MultiShop.WebUI.csproj", "{40CC9D62-C30C-40DE-9B17-9DAFC17F93DE}"
EndProject
Project("{FAE04EC0-301F-11D3-BF4B-00C04F79EFBC}") = "MultiShop.DtoLayer", "Frontends\MultiShop.DtoLayer\MultiShop.DtoLayer.csproj", "{84F4D7C0-D631-4DE2-9974-8E285F326568}"
EndProject
Project("{FAE04EC0-301F-11D3-BF4B-00C04F79EFBC}") = "MultiShop.Comment", "Services\Comment\MultiShop.Comment\MultiShop.Comment.csproj", "{CDFD2346-76D7-4095-B675-8D82142F8EEC}"
EndProject
Global
	GlobalSection(SolutionConfigurationPlatforms) = preSolution
		Debug|Any CPU = Debug|Any CPU
		Release|Any CPU = Release|Any CPU
	EndGlobalSection
	GlobalSection(ProjectConfigurationPlatforms) = postSolution
		{28870C5F-4844-49F2-BA89-F682568C9697}.Debug|Any CPU.ActiveCfg = Debug|Any CPU
		{28870C5F-4844-49F2-BA89-F682568C9697}.Debug|Any CPU.Build.0 = Debug|Any CPU
		{28870C5F-4844-49F2-BA89-F682568C9697}.Release|Any CPU.ActiveCfg = Release|Any CPU
		{28870C5F-4844-49F2-BA89-F682568C9697}.Release|Any CPU.Build.0 = Release|Any CPU
		{76DD69F4-C22C-449C-A38E-B92F9069E04A}.Debug|Any CPU.ActiveCfg = Debug|Any CPU
		{76DD69F4-C22C-449C-A38E-B92F9069E04A}.Debug|Any CPU.Build.0 = Debug|Any CPU
		{76DD69F4-C22C-449C-A38E-B92F9069E04A}.Release|Any CPU.ActiveCfg = Release|Any CPU
		{76DD69F4-C22C-449C-A38E-B92F9069E04A}.Release|Any CPU.Build.0 = Release|Any CPU
		{3FDDDB1B-E8AD-490F-807F-676704048D29}.Debug|Any CPU.ActiveCfg = Debug|Any CPU
		{3FDDDB1B-E8AD-490F-807F-676704048D29}.Debug|Any CPU.Build.0 = Debug|Any CPU
		{3FDDDB1B-E8AD-490F-807F-676704048D29}.Release|Any CPU.ActiveCfg = Release|Any CPU
		{3FDDDB1B-E8AD-490F-807F-676704048D29}.Release|Any CPU.Build.0 = Release|Any CPU
		{003789A4-31A7-4478-85DD-137F3FDC1963}.Debug|Any CPU.ActiveCfg = Debug|Any CPU
		{003789A4-31A7-4478-85DD-137F3FDC1963}.Debug|Any CPU.Build.0 = Debug|Any CPU
		{003789A4-31A7-4478-85DD-137F3FDC1963}.Release|Any CPU.ActiveCfg = Release|Any CPU
		{003789A4-31A7-4478-85DD-137F3FDC1963}.Release|Any CPU.Build.0 = Release|Any CPU
		{F6ABAF53-64B8-4E16-887B-0C43B44896BF}.Debug|Any CPU.ActiveCfg = Debug|Any CPU
		{F6ABAF53-64B8-4E16-887B-0C43B44896BF}.Debug|Any CPU.Build.0 = Debug|Any CPU
		{F6ABAF53-64B8-4E16-887B-0C43B44896BF}.Release|Any CPU.ActiveCfg = Release|Any CPU
		{F6ABAF53-64B8-4E16-887B-0C43B44896BF}.Release|Any CPU.Build.0 = Release|Any CPU
		{8C2EC060-B5F9-4732-83FB-4A3D56F38283}.Debug|Any CPU.ActiveCfg = Debug|Any CPU
		{8C2EC060-B5F9-4732-83FB-4A3D56F38283}.Debug|Any CPU.Build.0 = Debug|Any CPU
		{8C2EC060-B5F9-4732-83FB-4A3D56F38283}.Release|Any CPU.ActiveCfg = Release|Any CPU
		{8C2EC060-B5F9-4732-83FB-4A3D56F38283}.Release|Any CPU.Build.0 = Release|Any CPU
		{FFF94FEC-2750-4687-A11D-70F3DF12B60D}.Debug|Any CPU.ActiveCfg = Debug|Any CPU
		{FFF94FEC-2750-4687-A11D-70F3DF12B60D}.Debug|Any CPU.Build.0 = Debug|Any CPU
		{FFF94FEC-2750-4687-A11D-70F3DF12B60D}.Release|Any CPU.ActiveCfg = Release|Any CPU
		{FFF94FEC-2750-4687-A11D-70F3DF12B60D}.Release|Any CPU.Build.0 = Release|Any CPU
		{BE428CD6-350B-4029-B5C1-C0C745B30A6B}.Debug|Any CPU.ActiveCfg = Debug|Any CPU
		{BE428CD6-350B-4029-B5C1-C0C745B30A6B}.Debug|Any CPU.Build.0 = Debug|Any CPU
		{BE428CD6-350B-4029-B5C1-C0C745B30A6B}.Release|Any CPU.ActiveCfg = Release|Any CPU
		{BE428CD6-350B-4029-B5C1-C0C745B30A6B}.Release|Any CPU.Build.0 = Release|Any CPU
		{49FD5A25-7F4C-4D26-B0C1-6591CA3A6065}.Debug|Any CPU.ActiveCfg = Debug|Any CPU
		{49FD5A25-7F4C-4D26-B0C1-6591CA3A6065}.Debug|Any CPU.Build.0 = Debug|Any CPU
		{49FD5A25-7F4C-4D26-B0C1-6591CA3A6065}.Release|Any CPU.ActiveCfg = Release|Any CPU
		{49FD5A25-7F4C-4D26-B0C1-6591CA3A6065}.Release|Any CPU.Build.0 = Release|Any CPU
		{73324CE6-EACA-4746-90DA-038481587B74}.Debug|Any CPU.ActiveCfg = Debug|Any CPU
		{73324CE6-EACA-4746-90DA-038481587B74}.Debug|Any CPU.Build.0 = Debug|Any CPU
		{73324CE6-EACA-4746-90DA-038481587B74}.Release|Any CPU.ActiveCfg = Release|Any CPU
		{73324CE6-EACA-4746-90DA-038481587B74}.Release|Any CPU.Build.0 = Release|Any CPU
		{544E312C-9300-41F4-83BA-973955EB471A}.Debug|Any CPU.ActiveCfg = Debug|Any CPU
		{544E312C-9300-41F4-83BA-973955EB471A}.Debug|Any CPU.Build.0 = Debug|Any CPU
		{544E312C-9300-41F4-83BA-973955EB471A}.Release|Any CPU.ActiveCfg = Release|Any CPU
		{544E312C-9300-41F4-83BA-973955EB471A}.Release|Any CPU.Build.0 = Release|Any CPU
		{FF512999-CFB0-4EED-B013-1AE1A2D62242}.Debug|Any CPU.ActiveCfg = Debug|Any CPU
		{FF512999-CFB0-4EED-B013-1AE1A2D62242}.Debug|Any CPU.Build.0 = Debug|Any CPU
		{FF512999-CFB0-4EED-B013-1AE1A2D62242}.Release|Any CPU.ActiveCfg = Release|Any CPU
		{FF512999-CFB0-4EED-B013-1AE1A2D62242}.Release|Any CPU.Build.0 = Release|Any CPU
		{B8851217-3F25-4CA0-9BD2-432DED0B1851}.Debug|Any CPU.ActiveCfg = Debug|Any CPU
		{B8851217-3F25-4CA0-9BD2-432DED0B1851}.Debug|Any CPU.Build.0 = Debug|Any CPU
		{B8851217-3F25-4CA0-9BD2-432DED0B1851}.Release|Any CPU.ActiveCfg = Release|Any CPU
		{B8851217-3F25-4CA0-9BD2-432DED0B1851}.Release|Any CPU.Build.0 = Release|Any CPU
		{40CC9D62-C30C-40DE-9B17-9DAFC17F93DE}.Debug|Any CPU.ActiveCfg = Debug|Any CPU
		{40CC9D62-C30C-40DE-9B17-9DAFC17F93DE}.Debug|Any CPU.Build.0 = Debug|Any CPU
		{40CC9D62-C30C-40DE-9B17-9DAFC17F93DE}.Release|Any CPU.ActiveCfg = Release|Any CPU
		{40CC9D62-C30C-40DE-9B17-9DAFC17F93DE}.Release|Any CPU.Build.0 = Release|Any CPU
		{84F4D7C0-D631-4DE2-9974-8E285F326568}.Debug|Any CPU.ActiveCfg = Debug|Any CPU
		{84F4D7C0-D631-4DE2-9974-8E285F326568}.Debug|Any CPU.Build.0 = Debug|Any CPU
		{84F4D7C0-D631-4DE2-9974-8E285F326568}.Release|Any CPU.ActiveCfg = Release|Any CPU
		{84F4D7C0-D631-4DE2-9974-8E285F326568}.Release|Any CPU.Build.0 = Release|Any CPU
		{CDFD2346-76D7-4095-B675-8D82142F8EEC}.Debug|Any CPU.ActiveCfg = Debug|Any CPU
		{CDFD2346-76D7-4095-B675-8D82142F8EEC}.Debug|Any CPU.Build.0 = Debug|Any CPU
		{CDFD2346-76D7-4095-B675-8D82142F8EEC}.Release|Any CPU.ActiveCfg = Release|Any CPU
		{CDFD2346-76D7-4095-B675-8D82142F8EEC}.Release|Any CPU.Build.0 = Release|Any CPU
	EndGlobalSection
	GlobalSection(SolutionProperties) = preSolution
		HideSolutionNode = FALSE
	EndGlobalSection
	GlobalSection(NestedProjects) = preSolution
		{5DAE2B48-6DF1-4526-8C09-5E1611D9104D} = {CF6E8FB0-91E0-43F2-A964-4B3A9326D5F2}
		{28870C5F-4844-49F2-BA89-F682568C9697} = {5DAE2B48-6DF1-4526-8C09-5E1611D9104D}
		{C108D56E-D948-4239-8994-4FC784AD081D} = {CF6E8FB0-91E0-43F2-A964-4B3A9326D5F2}
		{76DD69F4-C22C-449C-A38E-B92F9069E04A} = {C108D56E-D948-4239-8994-4FC784AD081D}
		{E6705394-155D-4CB8-8028-3BF8C24C7DB0} = {CF6E8FB0-91E0-43F2-A964-4B3A9326D5F2}
		{A7305D71-7A61-4C07-B596-5088DAE8987A} = {E6705394-155D-4CB8-8028-3BF8C24C7DB0}
		{0B2160F2-D385-4440-BA32-4ACD85EEECE3} = {E6705394-155D-4CB8-8028-3BF8C24C7DB0}
		{8B13B905-AF89-4BB3-AC1B-3EF1BE813D97} = {E6705394-155D-4CB8-8028-3BF8C24C7DB0}
		{3FDDDB1B-E8AD-490F-807F-676704048D29} = {A7305D71-7A61-4C07-B596-5088DAE8987A}
		{003789A4-31A7-4478-85DD-137F3FDC1963} = {A7305D71-7A61-4C07-B596-5088DAE8987A}
		{F6ABAF53-64B8-4E16-887B-0C43B44896BF} = {0B2160F2-D385-4440-BA32-4ACD85EEECE3}
		{8C2EC060-B5F9-4732-83FB-4A3D56F38283} = {8B13B905-AF89-4BB3-AC1B-3EF1BE813D97}
		{FFF94FEC-2750-4687-A11D-70F3DF12B60D} = {E9132A8E-F246-4043-8916-DA9155660E9E}
		{5F42736C-3AA2-4D3B-84A5-3BF21257725A} = {CF6E8FB0-91E0-43F2-A964-4B3A9326D5F2}
		{BE428CD6-350B-4029-B5C1-C0C745B30A6B} = {5F42736C-3AA2-4D3B-84A5-3BF21257725A}
		{49FD5A25-7F4C-4D26-B0C1-6591CA3A6065} = {5F42736C-3AA2-4D3B-84A5-3BF21257725A}
		{73324CE6-EACA-4746-90DA-038481587B74} = {5F42736C-3AA2-4D3B-84A5-3BF21257725A}
		{544E312C-9300-41F4-83BA-973955EB471A} = {5F42736C-3AA2-4D3B-84A5-3BF21257725A}
		{FF512999-CFB0-4EED-B013-1AE1A2D62242} = {5F42736C-3AA2-4D3B-84A5-3BF21257725A}
		{2957996B-76D0-42C8-BC29-5DD4D30E52AE} = {CF6E8FB0-91E0-43F2-A964-4B3A9326D5F2}
		{B8851217-3F25-4CA0-9BD2-432DED0B1851} = {2957996B-76D0-42C8-BC29-5DD4D30E52AE}
		{40CC9D62-C30C-40DE-9B17-9DAFC17F93DE} = {0A023647-B505-46DB-9B91-E7C89C2A1653}
		{84F4D7C0-D631-4DE2-9974-8E285F326568} = {0A023647-B505-46DB-9B91-E7C89C2A1653}
		{CDFD2346-76D7-4095-B675-8D82142F8EEC} = {CF6E8FB0-91E0-43F2-A964-4B3A9326D5F2}
	EndGlobalSection
EndGlobal
